// !$*UTF8*$!
{
	archiveVersion = 1;
	classes = {
	};
	objectVersion = 46;
	objects = {

/* Begin PBXBuildFile section */
		FF6E881317D61F690060A016 /* UIKit.framework in Frameworks */ = {isa = PBXBuildFile; fileRef = FF6E881217D61F690060A016 /* UIKit.framework */; };
		FF6E881517D61F690060A016 /* Foundation.framework in Frameworks */ = {isa = PBXBuildFile; fileRef = FF6E881417D61F690060A016 /* Foundation.framework */; };
		FF6E881717D61F690060A016 /* CoreGraphics.framework in Frameworks */ = {isa = PBXBuildFile; fileRef = FF6E881617D61F690060A016 /* CoreGraphics.framework */; };
		FF6E881D17D61F690060A016 /* InfoPlist.strings in Resources */ = {isa = PBXBuildFile; fileRef = FF6E881B17D61F690060A016 /* InfoPlist.strings */; };
		FF6E881F17D61F690060A016 /* main.m in Sources */ = {isa = PBXBuildFile; fileRef = FF6E881E17D61F690060A016 /* main.m */; };
		FF6E882317D61F690060A016 /* AppDelegate.m in Sources */ = {isa = PBXBuildFile; fileRef = FF6E882217D61F690060A016 /* AppDelegate.m */; };
		FF6E882517D61F690060A016 /* Default.png in Resources */ = {isa = PBXBuildFile; fileRef = FF6E882417D61F690060A016 /* Default.png */; };
		FF6E882717D61F690060A016 /* Default@2x.png in Resources */ = {isa = PBXBuildFile; fileRef = FF6E882617D61F690060A016 /* Default@2x.png */; };
		FF6E882917D61F690060A016 /* Default-568h@2x.png in Resources */ = {isa = PBXBuildFile; fileRef = FF6E882817D61F690060A016 /* Default-568h@2x.png */; };
		FF6E882C17D61F690060A016 /* ViewController.m in Sources */ = {isa = PBXBuildFile; fileRef = FF6E882B17D61F690060A016 /* ViewController.m */; };
		FF6E882F17D61F690060A016 /* ViewController.xib in Resources */ = {isa = PBXBuildFile; fileRef = FF6E882D17D61F690060A016 /* ViewController.xib */; };
		FF6E883817D61FC60060A016 /* URLRequest.m in Sources */ = {isa = PBXBuildFile; fileRef = FF6E883717D61FC60060A016 /* URLRequest.m */; };
/* End PBXBuildFile section */

/* Begin PBXFileReference section */
		FF6E880F17D61F690060A016 /* jsonController.app */ = {isa = PBXFileReference; explicitFileType = wrapper.application; includeInIndex = 0; path = jsonController.app; sourceTree = BUILT_PRODUCTS_DIR; };
		FF6E881217D61F690060A016 /* UIKit.framework */ = {isa = PBXFileReference; lastKnownFileType = wrapper.framework; name = UIKit.framework; path = System/Library/Frameworks/UIKit.framework; sourceTree = SDKROOT; };
		FF6E881417D61F690060A016 /* Foundation.framework */ = {isa = PBXFileReference; lastKnownFileType = wrapper.framework; name = Foundation.framework; path = System/Library/Frameworks/Foundation.framework; sourceTree = SDKROOT; };
		FF6E881617D61F690060A016 /* CoreGraphics.framework */ = {isa = PBXFileReference; lastKnownFileType = wrapper.framework; name = CoreGraphics.framework; path = System/Library/Frameworks/CoreGraphics.framework; sourceTree = SDKROOT; };
		FF6E881A17D61F690060A016 /* jsonController-Info.plist */ = {isa = PBXFileReference; lastKnownFileType = text.plist.xml; path = "jsonController-Info.plist"; sourceTree = "<group>"; };
		FF6E881C17D61F690060A016 /* en */ = {isa = PBXFileReference; lastKnownFileType = text.plist.strings; name = en; path = en.lproj/InfoPlist.strings; sourceTree = "<group>"; };
		FF6E881E17D61F690060A016 /* main.m */ = {isa = PBXFileReference; lastKnownFileType = sourcecode.c.objc; path = main.m; sourceTree = "<group>"; };
		FF6E882017D61F690060A016 /* jsonController-Prefix.pch */ = {isa = PBXFileReference; lastKnownFileType = sourcecode.c.h; path = "jsonController-Prefix.pch"; sourceTree = "<group>"; };
		FF6E882117D61F690060A016 /* AppDelegate.h */ = {isa = PBXFileReference; lastKnownFileType = sourcecode.c.h; path = AppDelegate.h; sourceTree = "<group>"; };
		FF6E882217D61F690060A016 /* AppDelegate.m */ = {isa = PBXFileReference; lastKnownFileType = sourcecode.c.objc; path = AppDelegate.m; sourceTree = "<group>"; };
		FF6E882417D61F690060A016 /* Default.png */ = {isa = PBXFileReference; lastKnownFileType = image.png; path = Default.png; sourceTree = "<group>"; };
		FF6E882617D61F690060A016 /* Default@2x.png */ = {isa = PBXFileReference; lastKnownFileType = image.png; path = "Default@2x.png"; sourceTree = "<group>"; };
		FF6E882817D61F690060A016 /* Default-568h@2x.png */ = {isa = PBXFileReference; lastKnownFileType = image.png; path = "Default-568h@2x.png"; sourceTree = "<group>"; };
		FF6E882A17D61F690060A016 /* ViewController.h */ = {isa = PBXFileReference; lastKnownFileType = sourcecode.c.h; path = ViewController.h; sourceTree = "<group>"; };
		FF6E882B17D61F690060A016 /* ViewController.m */ = {isa = PBXFileReference; lastKnownFileType = sourcecode.c.objc; path = ViewController.m; sourceTree = "<group>"; };
		FF6E882E17D61F690060A016 /* en */ = {isa = PBXFileReference; lastKnownFileType = file.xib; name = en; path = en.lproj/ViewController.xib; sourceTree = "<group>"; };
		FF6E883617D61FC60060A016 /* URLRequest.h */ = {isa = PBXFileReference; fileEncoding = 4; lastKnownFileType = sourcecode.c.h; name = URLRequest.h; path = classes/URLRequest.h; sourceTree = "<group>"; };
		FF6E883717D61FC60060A016 /* URLRequest.m */ = {isa = PBXFileReference; fileEncoding = 4; lastKnownFileType = sourcecode.c.objc; name = URLRequest.m; path = classes/URLRequest.m; sourceTree = "<group>"; };
/* End PBXFileReference section */

/* Begin PBXFrameworksBuildPhase section */
		FF6E880C17D61F690060A016 /* Frameworks */ = {
			isa = PBXFrameworksBuildPhase;
			buildActionMask = 2147483647;
			files = (
				FF6E881317D61F690060A016 /* UIKit.framework in Frameworks */,
				FF6E881517D61F690060A016 /* Foundation.framework in Frameworks */,
				FF6E881717D61F690060A016 /* CoreGraphics.framework in Frameworks */,
			);
			runOnlyForDeploymentPostprocessing = 0;
		};
/* End PBXFrameworksBuildPhase section */

/* Begin PBXGroup section */
		FF6E880617D61F690060A016 = {
			isa = PBXGroup;
			children = (
				FF6E881817D61F690060A016 /* jsonController */,
				FF6E881117D61F690060A016 /* Frameworks */,
				FF6E881017D61F690060A016 /* Products */,
			);
			sourceTree = "<group>";
		};
		FF6E881017D61F690060A016 /* Products */ = {
			isa = PBXGroup;
			children = (
				FF6E880F17D61F690060A016 /* jsonController.app */,
			);
			name = Products;
			sourceTree = "<group>";
		};
		FF6E881117D61F690060A016 /* Frameworks */ = {
			isa = PBXGroup;
			children = (
				FF6E881217D61F690060A016 /* UIKit.framework */,
				FF6E881417D61F690060A016 /* Foundation.framework */,
				FF6E881617D61F690060A016 /* CoreGraphics.framework */,
			);
			name = Frameworks;
			sourceTree = "<group>";
		};
		FF6E881817D61F690060A016 /* jsonController */ = {
			isa = PBXGroup;
			children = (
				FF6E883517D61F7E0060A016 /* classes */,
				FF6E882117D61F690060A016 /* AppDelegate.h */,
				FF6E882217D61F690060A016 /* AppDelegate.m */,
				FF6E882A17D61F690060A016 /* ViewController.h */,
				FF6E882B17D61F690060A016 /* ViewController.m */,
				FF6E882D17D61F690060A016 /* ViewController.xib */,
				FF6E881917D61F690060A016 /* Supporting Files */,
			);
			path = jsonController;
			sourceTree = "<group>";
		};
		FF6E881917D61F690060A016 /* Supporting Files */ = {
			isa = PBXGroup;
			children = (
				FF6E881A17D61F690060A016 /* jsonController-Info.plist */,
				FF6E881B17D61F690060A016 /* InfoPlist.strings */,
				FF6E881E17D61F690060A016 /* main.m */,
				FF6E882017D61F690060A016 /* jsonController-Prefix.pch */,
				FF6E882417D61F690060A016 /* Default.png */,
				FF6E882617D61F690060A016 /* Default@2x.png */,
				FF6E882817D61F690060A016 /* Default-568h@2x.png */,
			);
			name = "Supporting Files";
			sourceTree = "<group>";
		};
		FF6E883517D61F7E0060A016 /* classes */ = {
			isa = PBXGroup;
			children = (
				FF6E883617D61FC60060A016 /* URLRequest.h */,
				FF6E883717D61FC60060A016 /* URLRequest.m */,
			);
			name = classes;
			sourceTree = "<group>";
		};
/* End PBXGroup section */

/* Begin PBXNativeTarget section */
		FF6E880E17D61F690060A016 /* jsonController */ = {
			isa = PBXNativeTarget;
			buildConfigurationList = FF6E883217D61F690060A016 /* Build configuration list for PBXNativeTarget "jsonController" */;
			buildPhases = (
				FF6E880B17D61F690060A016 /* Sources */,
				FF6E880C17D61F690060A016 /* Frameworks */,
				FF6E880D17D61F690060A016 /* Resources */,
			);
			buildRules = (
			);
			dependencies = (
			);
			name = jsonController;
			productName = jsonController;
			productReference = FF6E880F17D61F690060A016 /* jsonController.app */;
			productType = "com.apple.product-type.application";
		};
/* End PBXNativeTarget section */

/* Begin PBXProject section */
		FF6E880717D61F690060A016 /* Project object */ = {
			isa = PBXProject;
			attributes = {
				LastUpgradeCheck = 0460;
				ORGANIZATIONNAME = gegger;
			};
			buildConfigurationList = FF6E880A17D61F690060A016 /* Build configuration list for PBXProject "jsonController" */;
			compatibilityVersion = "Xcode 3.2";
			developmentRegion = English;
			hasScannedForEncodings = 0;
			knownRegions = (
				en,
			);
			mainGroup = FF6E880617D61F690060A016;
			productRefGroup = FF6E881017D61F690060A016 /* Products */;
			projectDirPath = "";
			projectRoot = "";
			targets = (
				FF6E880E17D61F690060A016 /* jsonController */,
			);
		};
/* End PBXProject section */

/* Begin PBXResourcesBuildPhase section */
		FF6E880D17D61F690060A016 /* Resources */ = {
			isa = PBXResourcesBuildPhase;
			buildActionMask = 2147483647;
			files = (
				FF6E881D17D61F690060A016 /* InfoPlist.strings in Resources */,
				FF6E882517D61F690060A016 /* Default.png in Resources */,
				FF6E882717D61F690060A016 /* Default@2x.png in Resources */,
				FF6E882917D61F690060A016 /* Default-568h@2x.png in Resources */,
				FF6E882F17D61F690060A016 /* ViewController.xib in Resources */,
			);
			runOnlyForDeploymentPostprocessing = 0;
		};
/* End PBXResourcesBuildPhase section */

/* Begin PBXSourcesBuildPhase section */
		FF6E880B17D61F690060A016 /* Sources */ = {
			isa = PBXSourcesBuildPhase;
			buildActionMask = 2147483647;
			files = (
				FF6E881F17D61F690060A016 /* main.m in Sources */,
				FF6E882317D61F690060A016 /* AppDelegate.m in Sources */,
				FF6E882C17D61F690060A016 /* ViewController.m in Sources */,
				FF6E883817D61FC60060A016 /* URLRequest.m in Sources */,
			);
			runOnlyForDeploymentPostprocessing = 0;
		};
/* End PBXSourcesBuildPhase section */

/* Begin PBXVariantGroup section */
		FF6E881B17D61F690060A016 /* InfoPlist.strings */ = {
			isa = PBXVariantGroup;
			children = (
				FF6E881C17D61F690060A016 /* en */,
			);
			name = InfoPlist.strings;
			sourceTree = "<group>";
		};
		FF6E882D17D61F690060A016 /* ViewController.xib */ = {
			isa = PBXVariantGroup;
			children = (
				FF6E882E17D61F690060A016 /* en */,
			);
			name = ViewController.xib;
			sourceTree = "<group>";
		};
/* End PBXVariantGroup section */

/* Begin XCBuildConfiguration section */
		FF6E883017D61F690060A016 /* Debug */ = {
			isa = XCBuildConfiguration;
			buildSettings = {
				ALWAYS_SEARCH_USER_PATHS = NO;
				CLANG_CXX_LANGUAGE_STANDARD = "gnu++0x";
				CLANG_CXX_LIBRARY = "libc++";
				CLANG_ENABLE_OBJC_ARC = YES;
				CLANG_WARN_CONSTANT_CONVERSION = YES;
				CLANG_WARN_EMPTY_BODY = YES;
				CLANG_WARN_ENUM_CONVERSION = YES;
				CLANG_WARN_INT_CONVERSION = YES;
				CLANG_WARN__DUPLICATE_METHOD_MATCH = YES;
				"CODE_SIGN_IDENTITY[sdk=iphoneos*]" = "iPhone Developer";
				COPY_PHASE_STRIP = NO;
				GCC_C_LANGUAGE_STANDARD = gnu99;
				GCC_DYNAMIC_NO_PIC = NO;
				GCC_OPTIMIZATION_LEVEL = 0;
				GCC_PREPROCESSOR_DEFINITIONS = (
					"DEBUG=1",
					"$(inherited)",
				);
				GCC_SYMBOLS_PRIVATE_EXTERN = NO;
				GCC_WARN_ABOUT_RETURN_TYPE = YES;
				GCC_WARN_UNINITIALIZED_AUTOS = YES;
				GCC_WARN_UNUSED_VARIABLE = YES;
				IPHONEOS_DEPLOYMENT_TARGET = 6.1;
				ONLY_ACTIVE_ARCH = YES;
				SDKROOT = iphoneos;
			};
			name = Debug;
		};
		FF6E883117D61F690060A016 /* Release */ = {
			isa = XCBuildConfiguration;
			buildSettings = {
				ALWAYS_SEARCH_USER_PATHS = NO;
				CLANG_CXX_LANGUAGE_STANDARD = "gnu++0x";
				CLANG_CXX_LIBRARY = "libc++";
				CLANG_ENABLE_OBJC_ARC = YES;
				CLANG_WARN_CONSTANT_CONVERSION = YES;
				CLANG_WARN_EMPTY_BODY = YES;
				CLANG_WARN_ENUM_CONVERSION = YES;
				CLANG_WARN_INT_CONVERSION = YES;
				CLANG_WARN__DUPLICATE_METHOD_MATCH = YES;
				"CODE_SIGN_IDENTITY[sdk=iphoneos*]" = "iPhone Developer";
				COPY_PHASE_STRIP = YES;
				GCC_C_LANGUAGE_STANDARD = gnu99;
				GCC_WARN_ABOUT_RETURN_TYPE = YES;
				GCC_WARN_UNINITIALIZED_AUTOS = YES;
				GCC_WARN_UNUSED_VARIABLE = YES;
				IPHONEOS_DEPLOYMENT_TARGET = 6.1;
				OTHER_CFLAGS = "-DNS_BLOCK_ASSERTIONS=1";
				SDKROOT = iphoneos;
				VALIDATE_PRODUCT = YES;
			};
			name = Release;
		};
		FF6E883317D61F690060A016 /* Debug */ = {
			isa = XCBuildConfiguration;
			buildSettings = {
				GCC_PRECOMPILE_PREFIX_HEADER = YES;
				GCC_PREFIX_HEADER = "jsonController/jsonController-Prefix.pch";
				INFOPLIST_FILE = "jsonController/jsonController-Info.plist";
				PRODUCT_NAME = "$(TARGET_NAME)";
				WRAPPER_EXTENSION = app;
			};
			name = Debug;
		};
		FF6E883417D61F690060A016 /* Release */ = {
			isa = XCBuildConfiguration;
			buildSettings = {
				GCC_PRECOMPILE_PREFIX_HEADER = YES;
				GCC_PREFIX_HEADER = "jsonController/jsonController-Prefix.pch";
				INFOPLIST_FILE = "jsonController/jsonController-Info.plist";
				PRODUCT_NAME = "$(TARGET_NAME)";
				WRAPPER_EXTENSION = app;
			};
			name = Release;
		};
/* End XCBuildConfiguration section */

/* Begin XCConfigurationList section */
		FF6E880A17D61F690060A016 /* Build configuration list for PBXProject "jsonController" */ = {
			isa = XCConfigurationList;
			buildConfigurations = (
				FF6E883017D61F690060A016 /* Debug */,
				FF6E883117D61F690060A016 /* Release */,
			);
			defaultConfigurationIsVisible = 0;
			defaultConfigurationName = Release;
		};
		FF6E883217D61F690060A016 /* Build configuration list for PBXNativeTarget "jsonController" */ = {
			isa = XCConfigurationList;
			buildConfigurations = (
				FF6E883317D61F690060A016 /* Debug */,
				FF6E883417D61F690060A016 /* Release */,
			);
			defaultConfigurationIsVisible = 0;
		};
/* End XCConfigurationList section */
	};
	rootObject = FF6E880717D61F690060A016 /* Project object */;
}
